hash: 7857bf7e5befba8140978ca64d5f9d12e96539d03dd6bb02253fb979633d9fc4
updated: 2019-11-07T14:53:09.740958146+01:00
imports:
- name: github.com/eclipse/paho.mqtt.golang
  version: 825e8b38f891bed20340ddb2460dd5c541ab0542
  subpackages:
  - packets
- name: github.com/energieip/common-components-go
  version: 4a42982a3d142dc82d6cf758d3e40662b14bd3a9
  subpackages:
  - pkg/dnanosense
  - pkg/dwago
  - pkg/network
  - pkg/pconst
  - pkg/service
  - pkg/tools
- name: github.com/goburrow/modbus
  version: 606c02f4eef527a1d4cf7d8733d5fd7ba34f91d8
- name: github.com/goburrow/serial
  version: 5efbe925ecf714f8ba147bf2226f2e7afc7111bc
- name: github.com/gorilla/websocket
  version: c3e18be99d19e6b3e8f1559eea2c161a665c4b6b
- name: github.com/orcaman/concurrent-map
  version: 8c72a8bb44f6cfcff2abae8ebcbaaaf883331363
- name: github.com/romana/rlog
  version: f018bc92e7d71f27c04e04cbf008860416c21d01
- name: golang.org/x/net
  version: a882066a44e04a21d46e51451c71e131344e830e
  subpackages:
  - internal/socks
  - proxy
testImports: []
